
Microsoft Visual Studio Solution File, Format Version 12.00
# Visual Studio 15
VisualStudioVersion = 15.0.26430.16
MinimumVisualStudioVersion = 10.0.40219.1
Project("{FAE04EC0-301F-11D3-BF4B-00C04F79EFBC}") = "WebSnipper.UI", "WebSnipper.UI\WebSnipper.UI.csproj", "{944E959E-AE62-4F38-846B-AB514839017F}"
EndProject
Project("{FAE04EC0-301F-11D3-BF4B-00C04F79EFBC}") = "Infrastructure", "Infrastructure\Infrastructure.csproj", "{D130729C-2B22-4939-AB10-A701980D4F32}"
EndProject
Project("{FAE04EC0-301F-11D3-BF4B-00C04F79EFBC}") = "Domain", "Domain\Domain.csproj", "{A2A1653D-D293-447C-BB8E-6D8812F82133}"
EndProject
Project("{FAE04EC0-301F-11D3-BF4B-00C04F79EFBC}") = "Tests", "Tests\Tests.csproj", "{D17D4931-7200-4B44-8A6B-AFB71D123FEB}"
EndProject
Global
	GlobalSection(SolutionConfigurationPlatforms) = preSolution
		Debug|Any CPU = Debug|Any CPU
		Release|Any CPU = Release|Any CPU
	EndGlobalSection
	GlobalSection(ProjectConfigurationPlatforms) = postSolution
		{944E959E-AE62-4F38-846B-AB514839017F}.Debug|Any CPU.ActiveCfg = Debug|Any CPU
		{944E959E-AE62-4F38-846B-AB514839017F}.Debug|Any CPU.Build.0 = Debug|Any CPU
		{944E959E-AE62-4F38-846B-AB514839017F}.Release|Any CPU.ActiveCfg = Release|Any CPU
		{944E959E-AE62-4F38-846B-AB514839017F}.Release|Any CPU.Build.0 = Release|Any CPU
		{D130729C-2B22-4939-AB10-A701980D4F32}.Debug|Any CPU.ActiveCfg = Debug|Any CPU
		{D130729C-2B22-4939-AB10-A701980D4F32}.Debug|Any CPU.Build.0 = Debug|Any CPU
		{D130729C-2B22-4939-AB10-A701980D4F32}.Release|Any CPU.ActiveCfg = Release|Any CPU
		{D130729C-2B22-4939-AB10-A701980D4F32}.Release|Any CPU.Build.0 = Release|Any CPU
		{A2A1653D-D293-447C-BB8E-6D8812F82133}.Debug|Any CPU.ActiveCfg = Debug|Any CPU
		{A2A1653D-D293-447C-BB8E-6D8812F82133}.Debug|Any CPU.Build.0 = Debug|Any CPU
		{A2A1653D-D293-447C-BB8E-6D8812F82133}.Release|Any CPU.ActiveCfg = Release|Any CPU
		{A2A1653D-D293-447C-BB8E-6D8812F82133}.Release|Any CPU.Build.0 = Release|Any CPU
		{D17D4931-7200-4B44-8A6B-AFB71D123FEB}.Debug|Any CPU.ActiveCfg = Debug|Any CPU
		{D17D4931-7200-4B44-8A6B-AFB71D123FEB}.Debug|Any CPU.Build.0 = Debug|Any CPU
		{D17D4931-7200-4B44-8A6B-AFB71D123FEB}.Release|Any CPU.ActiveCfg = Release|Any CPU
		{D17D4931-7200-4B44-8A6B-AFB71D123FEB}.Release|Any CPU.Build.0 = Release|Any CPU
	EndGlobalSection
	GlobalSection(SolutionProperties) = preSolution
		HideSolutionNode = FALSE
	EndGlobalSection
EndGlobal
